// !$*UTF8*$!
{
	archiveVersion = 1;
	classes = {
	};
	objectVersion = 46;
	objects = {

/* Begin PBXBuildFile section */
		B99FEB1E18C72C63005D3F1B /* Foundation.framework in Frameworks */ = {isa = PBXBuildFile; fileRef = B99FEB1D18C72C63005D3F1B /* Foundation.framework */; };
		B99FEB4D18C7304A005D3F1B /* NSURLRequest+SHLogging.m in Sources */ = {isa = PBXBuildFile; fileRef = B99FEB4B18C7304A005D3F1B /* NSURLRequest+SHLogging.m */; };
/* End PBXBuildFile section */

/* Begin PBXCopyFilesBuildPhase section */
		B99FEB1818C72C63005D3F1B /* CopyFiles */ = {
			isa = PBXCopyFilesBuildPhase;
			buildActionMask = 2147483647;
			dstPath = "include/$(PRODUCT_NAME)";
			dstSubfolderSpec = 16;
			files = (
			);
			runOnlyForDeploymentPostprocessing = 0;
		};
/* End PBXCopyFilesBuildPhase section */

/* Begin PBXFileReference section */
		B99FEB1A18C72C63005D3F1B /* libNSURLRequest+SHLogging.a */ = {isa = PBXFileReference; explicitFileType = archive.ar; includeInIndex = 0; path = "libNSURLRequest+SHLogging.a"; sourceTree = BUILT_PRODUCTS_DIR; };
		B99FEB1D18C72C63005D3F1B /* Foundation.framework */ = {isa = PBXFileReference; lastKnownFileType = wrapper.framework; name = Foundation.framework; path = System/Library/Frameworks/Foundation.framework; sourceTree = SDKROOT; };
		B99FEB2B18C72C63005D3F1B /* XCTest.framework */ = {isa = PBXFileReference; lastKnownFileType = wrapper.framework; name = XCTest.framework; path = Library/Frameworks/XCTest.framework; sourceTree = DEVELOPER_DIR; };
		B99FEB2E18C72C63005D3F1B /* UIKit.framework */ = {isa = PBXFileReference; lastKnownFileType = wrapper.framework; name = UIKit.framework; path = Library/Frameworks/UIKit.framework; sourceTree = DEVELOPER_DIR; };
		B99FEB4918C72FB3005D3F1B /* NSURLRequest+SHLogging.podspec */ = {isa = PBXFileReference; fileEncoding = 4; lastKnownFileType = text; path = "NSURLRequest+SHLogging.podspec"; sourceTree = "<group>"; };
		B99FEB4A18C7304A005D3F1B /* NSURLRequest+SHLogging.h */ = {isa = PBXFileReference; fileEncoding = 4; lastKnownFileType = sourcecode.c.h; name = "NSURLRequest+SHLogging.h"; path = "Classes/NSURLRequest+SHLogging.h"; sourceTree = SOURCE_ROOT; };
		B99FEB4B18C7304A005D3F1B /* NSURLRequest+SHLogging.m */ = {isa = PBXFileReference; fileEncoding = 4; lastKnownFileType = sourcecode.c.objc; name = "NSURLRequest+SHLogging.m"; path = "Classes/NSURLRequest+SHLogging.m"; sourceTree = SOURCE_ROOT; };
		B99FEB4C18C7304A005D3F1B /* NSURLRequest+SHLogging-Prefix.pch */ = {isa = PBXFileReference; fileEncoding = 4; lastKnownFileType = sourcecode.c.h; name = "NSURLRequest+SHLogging-Prefix.pch"; path = "Classes/NSURLRequest+SHLogging-Prefix.pch"; sourceTree = SOURCE_ROOT; };
/* End PBXFileReference section */

/* Begin PBXFrameworksBuildPhase section */
		B99FEB1718C72C63005D3F1B /* Frameworks */ = {
			isa = PBXFrameworksBuildPhase;
			buildActionMask = 2147483647;
			files = (
				B99FEB1E18C72C63005D3F1B /* Foundation.framework in Frameworks */,
			);
			runOnlyForDeploymentPostprocessing = 0;
		};
/* End PBXFrameworksBuildPhase section */

/* Begin PBXGroup section */
		B99FEB1118C72C63005D3F1B = {
			isa = PBXGroup;
			children = (
				B99FEB1F18C72C63005D3F1B /* NSURLRequest+SHLogging */,
				B99FEB4818C72F89005D3F1B /* Pods */,
				B99FEB1C18C72C63005D3F1B /* Frameworks */,
				B99FEB1B18C72C63005D3F1B /* Products */,
			);
			sourceTree = "<group>";
		};
		B99FEB1B18C72C63005D3F1B /* Products */ = {
			isa = PBXGroup;
			children = (
				B99FEB1A18C72C63005D3F1B /* libNSURLRequest+SHLogging.a */,
			);
			name = Products;
			sourceTree = "<group>";
		};
		B99FEB1C18C72C63005D3F1B /* Frameworks */ = {
			isa = PBXGroup;
			children = (
				B99FEB1D18C72C63005D3F1B /* Foundation.framework */,
				B99FEB2B18C72C63005D3F1B /* XCTest.framework */,
				B99FEB2E18C72C63005D3F1B /* UIKit.framework */,
			);
			name = Frameworks;
			sourceTree = "<group>";
		};
		B99FEB1F18C72C63005D3F1B /* NSURLRequest+SHLogging */ = {
			isa = PBXGroup;
			children = (
				B99FEB4A18C7304A005D3F1B /* NSURLRequest+SHLogging.h */,
				B99FEB4B18C7304A005D3F1B /* NSURLRequest+SHLogging.m */,
				B99FEB2018C72C63005D3F1B /* Supporting Files */,
			);
			name = "NSURLRequest+SHLogging";
			path = NSURLRequestLogger;
			sourceTree = "<group>";
		};
		B99FEB2018C72C63005D3F1B /* Supporting Files */ = {
			isa = PBXGroup;
			children = (
				B99FEB4C18C7304A005D3F1B /* NSURLRequest+SHLogging-Prefix.pch */,
			);
			name = "Supporting Files";
			sourceTree = "<group>";
		};
		B99FEB4818C72F89005D3F1B /* Pods */ = {
			isa = PBXGroup;
			children = (
				B99FEB4918C72FB3005D3F1B /* NSURLRequest+SHLogging.podspec */,
			);
			name = Pods;
			sourceTree = "<group>";
		};
/* End PBXGroup section */

/* Begin PBXNativeTarget section */
		B99FEB1918C72C63005D3F1B /* NSURLRequest+SHLogging */ = {
			isa = PBXNativeTarget;
			buildConfigurationList = B99FEB3D18C72C63005D3F1B /* Build configuration list for PBXNativeTarget "NSURLRequest+SHLogging" */;
			buildPhases = (
				B99FEB1618C72C63005D3F1B /* Sources */,
				B99FEB1718C72C63005D3F1B /* Frameworks */,
				B99FEB1818C72C63005D3F1B /* CopyFiles */,
			);
			buildRules = (
			);
			dependencies = (
			);
			name = "NSURLRequest+SHLogging";
			productName = NSURLRequestLogger;
			productReference = B99FEB1A18C72C63005D3F1B /* libNSURLRequest+SHLogging.a */;
			productType = "com.apple.product-type.library.static";
		};
/* End PBXNativeTarget section */

/* Begin PBXProject section */
		B99FEB1218C72C63005D3F1B /* Project object */ = {
			isa = PBXProject;
			attributes = {
				LastUpgradeCheck = 0510;
				ORGANIZATIONNAME = blackjacx;
			};
			buildConfigurationList = B99FEB1518C72C63005D3F1B /* Build configuration list for PBXProject "NSURLRequest+SHLogging" */;
			compatibilityVersion = "Xcode 3.2";
			developmentRegion = English;
			hasScannedForEncodings = 0;
			knownRegions = (
				en,
			);
			mainGroup = B99FEB1118C72C63005D3F1B;
			productRefGroup = B99FEB1B18C72C63005D3F1B /* Products */;
			projectDirPath = "";
			projectRoot = "";
			targets = (
				B99FEB1918C72C63005D3F1B /* NSURLRequest+SHLogging */,
			);
		};
/* End PBXProject section */

/* Begin PBXSourcesBuildPhase section */
		B99FEB1618C72C63005D3F1B /* Sources */ = {
			isa = PBXSourcesBuildPhase;
			buildActionMask = 2147483647;
			files = (
				B99FEB4D18C7304A005D3F1B /* NSURLRequest+SHLogging.m in Sources */,
			);
			runOnlyForDeploymentPostprocessing = 0;
		};
/* End PBXSourcesBuildPhase section */

/* Begin XCBuildConfiguration section */
		B99FEB3B18C72C63005D3F1B /* Debug */ = {
			isa = XCBuildConfiguration;
			buildSettings = {
				ALWAYS_SEARCH_USER_PATHS = NO;
				CLANG_CXX_LANGUAGE_STANDARD = "gnu++0x";
				CLANG_CXX_LIBRARY = "libc++";
				CLANG_ENABLE_MODULES = YES;
				CLANG_ENABLE_OBJC_ARC = YES;
				CLANG_WARN_BOOL_CONVERSION = YES;
				CLANG_WARN_CONSTANT_CONVERSION = YES;
				CLANG_WARN_DIRECT_OBJC_ISA_USAGE = YES_ERROR;
				CLANG_WARN_EMPTY_BODY = YES;
				CLANG_WARN_ENUM_CONVERSION = YES;
				CLANG_WARN_INT_CONVERSION = YES;
				CLANG_WARN_OBJC_ROOT_CLASS = YES_ERROR;
				CLANG_WARN__DUPLICATE_METHOD_MATCH = YES;
				COPY_PHASE_STRIP = NO;
				CURRENT_PROJECT_VERSION = "";
				DYLIB_CURRENT_VERSION = "";
				GCC_C_LANGUAGE_STANDARD = gnu99;
				GCC_DYNAMIC_NO_PIC = NO;
				GCC_OPTIMIZATION_LEVEL = 0;
				GCC_PREPROCESSOR_DEFINITIONS = (
					"DEBUG=1",
					"$(inherited)",
				);
				GCC_SYMBOLS_PRIVATE_EXTERN = NO;
				GCC_WARN_64_TO_32_BIT_CONVERSION = YES;
				GCC_WARN_ABOUT_RETURN_TYPE = YES_ERROR;
				GCC_WARN_UNDECLARED_SELECTOR = YES;
				GCC_WARN_UNINITIALIZED_AUTOS = YES_AGGRESSIVE;
				GCC_WARN_UNUSED_FUNCTION = YES;
				GCC_WARN_UNUSED_VARIABLE = YES;
				IPHONEOS_DEPLOYMENT_TARGET = 5.0;
				ONLY_ACTIVE_ARCH = YES;
				SDKROOT = iphoneos;
			};
			name = Debug;
		};
		B99FEB3C18C72C63005D3F1B /* Release */ = {
			isa = XCBuildConfiguration;
			buildSettings = {
				ALWAYS_SEARCH_USER_PATHS = NO;
				CLANG_CXX_LANGUAGE_STANDARD = "gnu++0x";
				CLANG_CXX_LIBRARY = "libc++";
				CLANG_ENABLE_MODULES = YES;
				CLANG_ENABLE_OBJC_ARC = YES;
				CLANG_WARN_BOOL_CONVERSION = YES;
				CLANG_WARN_CONSTANT_CONVERSION = YES;
				CLANG_WARN_DIRECT_OBJC_ISA_USAGE = YES_ERROR;
				CLANG_WARN_EMPTY_BODY = YES;
				CLANG_WARN_ENUM_CONVERSION = YES;
				CLANG_WARN_INT_CONVERSION = YES;
				CLANG_WARN_OBJC_ROOT_CLASS = YES_ERROR;
				CLANG_WARN__DUPLICATE_METHOD_MATCH = YES;
				COPY_PHASE_STRIP = YES;
				CURRENT_PROJECT_VERSION = "";
				DYLIB_CURRENT_VERSION = "";
				ENABLE_NS_ASSERTIONS = NO;
				GCC_C_LANGUAGE_STANDARD = gnu99;
				GCC_WARN_64_TO_32_BIT_CONVERSION = YES;
				GCC_WARN_ABOUT_RETURN_TYPE = YES_ERROR;
				GCC_WARN_UNDECLARED_SELECTOR = YES;
				GCC_WARN_UNINITIALIZED_AUTOS = YES_AGGRESSIVE;
				GCC_WARN_UNUSED_FUNCTION = YES;
				GCC_WARN_UNUSED_VARIABLE = YES;
				IPHONEOS_DEPLOYMENT_TARGET = 5.0;
				SDKROOT = iphoneos;
				VALIDATE_PRODUCT = YES;
			};
			name = Release;
		};
		B99FEB3E18C72C63005D3F1B /* Debug */ = {
			isa = XCBuildConfiguration;
			buildSettings = {
				DSTROOT = /tmp/NSURLRequestLogger.dst;
				GCC_PRECOMPILE_PREFIX_HEADER = YES;
				GCC_PREFIX_HEADER = "Classes/NSURLRequest+SHLogging-Prefix.pch";
				OTHER_LDFLAGS = "-ObjC";
				PRODUCT_NAME = "NSURLRequest+SHLogging";
				SKIP_INSTALL = YES;
			};
			name = Debug;
		};
		B99FEB3F18C72C63005D3F1B /* Release */ = {
			isa = XCBuildConfiguration;
			buildSettings = {
				DSTROOT = /tmp/NSURLRequestLogger.dst;
				GCC_PRECOMPILE_PREFIX_HEADER = YES;
				GCC_PREFIX_HEADER = "Classes/NSURLRequest+SHLogging-Prefix.pch";
				OTHER_LDFLAGS = "-ObjC";
				PRODUCT_NAME = "NSURLRequest+SHLogging";
				SKIP_INSTALL = YES;
			};
			name = Release;
		};
/* End XCBuildConfiguration section */

/* Begin XCConfigurationList section */
		B99FEB1518C72C63005D3F1B /* Build configuration list for PBXProject "NSURLRequest+SHLogging" */ = {
			isa = XCConfigurationList;
			buildConfigurations = (
				B99FEB3B18C72C63005D3F1B /* Debug */,
				B99FEB3C18C72C63005D3F1B /* Release */,
			);
			defaultConfigurationIsVisible = 0;
			defaultConfigurationName = Release;
		};
		B99FEB3D18C72C63005D3F1B /* Build configuration list for PBXNativeTarget "NSURLRequest+SHLogging" */ = {
			isa = XCConfigurationList;
			buildConfigurations = (
				B99FEB3E18C72C63005D3F1B /* Debug */,
				B99FEB3F18C72C63005D3F1B /* Release */,
			);
			defaultConfigurationIsVisible = 0;
			defaultConfigurationName = Release;
		};
/* End XCConfigurationList section */
	};
	rootObject = B99FEB1218C72C63005D3F1B /* Project object */;
}
